// !$*UTF8*$!
{
	archiveVersion = 1;
	classes = {
	};
	objectVersion = 50;
	objects = {

/* Begin PBXBuildFile section */
		B32B6EAF234002DA00C41B6D /* xcodegen-sample-watch-app WatchKit App.app in Embed Watch Content */ = {isa = PBXBuildFile; fileRef = B32B6EAE234002DA00C41B6D /* xcodegen-sample-watch-app WatchKit App.app */; settings = {ATTRIBUTES = (RemoveHeadersOnCopy, ); }; };
		B32B6EB5234002DA00C41B6D /* Interface.storyboard in Resources */ = {isa = PBXBuildFile; fileRef = B32B6EB3234002DA00C41B6D /* Interface.storyboard */; };
		B32B6EB7234002DE00C41B6D /* Assets.xcassets in Resources */ = {isa = PBXBuildFile; fileRef = B32B6EB6234002DE00C41B6D /* Assets.xcassets */; };
		B32B6EBE234002DE00C41B6D /* xcodegen-sample-watch-app WatchKit Extension.appex in Embed App Extensions */ = {isa = PBXBuildFile; fileRef = B32B6EBD234002DE00C41B6D /* xcodegen-sample-watch-app WatchKit Extension.appex */; settings = {ATTRIBUTES = (RemoveHeadersOnCopy, ); }; };
		B32B6EC3234002DE00C41B6D /* ContentView.swift in Sources */ = {isa = PBXBuildFile; fileRef = B32B6EC2234002DE00C41B6D /* ContentView.swift */; };
		B32B6EC5234002DE00C41B6D /* HostingController.swift in Sources */ = {isa = PBXBuildFile; fileRef = B32B6EC4234002DE00C41B6D /* HostingController.swift */; };
		B32B6EC7234002DE00C41B6D /* ExtensionDelegate.swift in Sources */ = {isa = PBXBuildFile; fileRef = B32B6EC6234002DE00C41B6D /* ExtensionDelegate.swift */; };
		B32B6EC9234002E000C41B6D /* Assets.xcassets in Resources */ = {isa = PBXBuildFile; fileRef = B32B6EC8234002E000C41B6D /* Assets.xcassets */; };
		B32B6ECC234002E000C41B6D /* Preview Assets.xcassets in Resources */ = {isa = PBXBuildFile; fileRef = B32B6ECB234002E000C41B6D /* Preview Assets.xcassets */; };
/* End PBXBuildFile section */

/* Begin PBXContainerItemProxy section */
		B32B6EB0234002DA00C41B6D /* PBXContainerItemProxy */ = {
			isa = PBXContainerItemProxy;
			containerPortal = B32B6EA4234002D900C41B6D /* Project object */;
			proxyType = 1;
			remoteGlobalIDString = B32B6EAD234002DA00C41B6D;
			remoteInfo = "xcodegen-sample-watch-app WatchKit App";
		};
		B32B6EBF234002DE00C41B6D /* PBXContainerItemProxy */ = {
			isa = PBXContainerItemProxy;
			containerPortal = B32B6EA4234002D900C41B6D /* Project object */;
			proxyType = 1;
			remoteGlobalIDString = B32B6EBC234002DE00C41B6D;
			remoteInfo = "xcodegen-sample-watch-app WatchKit Extension";
		};
/* End PBXContainerItemProxy section */

/* Begin PBXCopyFilesBuildPhase section */
		B32B6ED3234002E000C41B6D /* Embed App Extensions */ = {
			isa = PBXCopyFilesBuildPhase;
			buildActionMask = 2147483647;
			dstPath = "";
			dstSubfolderSpec = 13;
			files = (
				B32B6EBE234002DE00C41B6D /* xcodegen-sample-watch-app WatchKit Extension.appex in Embed App Extensions */,
			);
			name = "Embed App Extensions";
			runOnlyForDeploymentPostprocessing = 0;
		};
		B32B6ED7234002E000C41B6D /* Embed Watch Content */ = {
			isa = PBXCopyFilesBuildPhase;
			buildActionMask = 2147483647;
			dstPath = "$(CONTENTS_FOLDER_PATH)/Watch";
			dstSubfolderSpec = 16;
			files = (
				B32B6EAF234002DA00C41B6D /* xcodegen-sample-watch-app WatchKit App.app in Embed Watch Content */,
			);
			name = "Embed Watch Content";
			runOnlyForDeploymentPostprocessing = 0;
		};
/* End PBXCopyFilesBuildPhase section */

/* Begin PBXFileReference section */
		B32B6EAA234002DA00C41B6D /* xcodegen-sample-watch-app.app */ = {isa = PBXFileReference; explicitFileType = wrapper.application; includeInIndex = 0; path = "xcodegen-sample-watch-app.app"; sourceTree = BUILT_PRODUCTS_DIR; };
		B32B6EAE234002DA00C41B6D /* xcodegen-sample-watch-app WatchKit App.app */ = {isa = PBXFileReference; explicitFileType = wrapper.application; includeInIndex = 0; path = "xcodegen-sample-watch-app WatchKit App.app"; sourceTree = BUILT_PRODUCTS_DIR; };
		B32B6EB4234002DA00C41B6D /* Base */ = {isa = PBXFileReference; lastKnownFileType = file.storyboard; name = Base; path = Base.lproj/Interface.storyboard; sourceTree = "<group>"; };
		B32B6EB6234002DE00C41B6D /* Assets.xcassets */ = {isa = PBXFileReference; lastKnownFileType = folder.assetcatalog; path = Assets.xcassets; sourceTree = "<group>"; };
		B32B6EB8234002DE00C41B6D /* Info.plist */ = {isa = PBXFileReference; lastKnownFileType = text.plist.xml; path = Info.plist; sourceTree = "<group>"; };
		B32B6EBD234002DE00C41B6D /* xcodegen-sample-watch-app WatchKit Extension.appex */ = {isa = PBXFileReference; explicitFileType = "wrapper.app-extension"; includeInIndex = 0; path = "xcodegen-sample-watch-app WatchKit Extension.appex"; sourceTree = BUILT_PRODUCTS_DIR; };
		B32B6EC2234002DE00C41B6D /* ContentView.swift */ = {isa = PBXFileReference; lastKnownFileType = sourcecode.swift; path = ContentView.swift; sourceTree = "<group>"; };
		B32B6EC4234002DE00C41B6D /* HostingController.swift */ = {isa = PBXFileReference; lastKnownFileType = sourcecode.swift; path = HostingController.swift; sourceTree = "<group>"; };
		B32B6EC6234002DE00C41B6D /* ExtensionDelegate.swift */ = {isa = PBXFileReference; lastKnownFileType = sourcecode.swift; path = ExtensionDelegate.swift; sourceTree = "<group>"; };
		B32B6EC8234002E000C41B6D /* Assets.xcassets */ = {isa = PBXFileReference; lastKnownFileType = folder.assetcatalog; path = Assets.xcassets; sourceTree = "<group>"; };
		B32B6ECB234002E000C41B6D /* Preview Assets.xcassets */ = {isa = PBXFileReference; lastKnownFileType = folder.assetcatalog; path = "Preview Assets.xcassets"; sourceTree = "<group>"; };
		B32B6ECD234002E000C41B6D /* Info.plist */ = {isa = PBXFileReference; lastKnownFileType = text.plist.xml; path = Info.plist; sourceTree = "<group>"; };
/* End PBXFileReference section */

/* Begin PBXFrameworksBuildPhase section */
		B32B6EBA234002DE00C41B6D /* Frameworks */ = {
			isa = PBXFrameworksBuildPhase;
			buildActionMask = 2147483647;
			files = (
			);
			runOnlyForDeploymentPostprocessing = 0;
		};
/* End PBXFrameworksBuildPhase section */

/* Begin PBXGroup section */
		B32B6EA3234002D900C41B6D = {
			isa = PBXGroup;
			children = (
				B32B6EB2234002DA00C41B6D /* xcodegen-sample-watch-app WatchKit App */,
				B32B6EC1234002DE00C41B6D /* xcodegen-sample-watch-app WatchKit Extension */,
				B32B6EAB234002DA00C41B6D /* Products */,
			);
			sourceTree = "<group>";
		};
		B32B6EAB234002DA00C41B6D /* Products */ = {
			isa = PBXGroup;
			children = (
				B32B6EAA234002DA00C41B6D /* xcodegen-sample-watch-app.app */,
				B32B6EAE234002DA00C41B6D /* xcodegen-sample-watch-app WatchKit App.app */,
				B32B6EBD234002DE00C41B6D /* xcodegen-sample-watch-app WatchKit Extension.appex */,
			);
			name = Products;
			sourceTree = "<group>";
		};
		B32B6EB2234002DA00C41B6D /* xcodegen-sample-watch-app WatchKit App */ = {
			isa = PBXGroup;
			children = (
				B32B6EB3234002DA00C41B6D /* Interface.storyboard */,
				B32B6EB6234002DE00C41B6D /* Assets.xcassets */,
				B32B6EB8234002DE00C41B6D /* Info.plist */,
			);
			path = "xcodegen-sample-watch-app WatchKit App";
			sourceTree = "<group>";
		};
		B32B6EC1234002DE00C41B6D /* xcodegen-sample-watch-app WatchKit Extension */ = {
			isa = PBXGroup;
			children = (
				B32B6EC2234002DE00C41B6D /* ContentView.swift */,
				B32B6EC4234002DE00C41B6D /* HostingController.swift */,
				B32B6EC6234002DE00C41B6D /* ExtensionDelegate.swift */,
				B32B6EC8234002E000C41B6D /* Assets.xcassets */,
				B32B6ECD234002E000C41B6D /* Info.plist */,
				B32B6ECA234002E000C41B6D /* Preview Content */,
			);
			path = "xcodegen-sample-watch-app WatchKit Extension";
			sourceTree = "<group>";
		};
		B32B6ECA234002E000C41B6D /* Preview Content */ = {
			isa = PBXGroup;
			children = (
				B32B6ECB234002E000C41B6D /* Preview Assets.xcassets */,
			);
			path = "Preview Content";
			sourceTree = "<group>";
		};
/* End PBXGroup section */

/* Begin PBXNativeTarget section */
		B32B6EA9234002DA00C41B6D /* xcodegen-sample-watch-app */ = {
			isa = PBXNativeTarget;
			buildConfigurationList = B32B6ED8234002E000C41B6D /* Build configuration list for PBXNativeTarget "xcodegen-sample-watch-app" */;
			buildPhases = (
				B32B6EA8234002DA00C41B6D /* Resources */,
				B32B6ED7234002E000C41B6D /* Embed Watch Content */,
			);
			buildRules = (
			);
			dependencies = (
				B32B6EB1234002DA00C41B6D /* PBXTargetDependency */,
			);
			name = "xcodegen-sample-watch-app";
			productName = "xcodegen-sample-watch-app";
			productReference = B32B6EAA234002DA00C41B6D /* xcodegen-sample-watch-app.app */;
			productType = "com.apple.product-type.application.watchapp2-container";
		};
		B32B6EAD234002DA00C41B6D /* xcodegen-sample-watch-app WatchKit App */ = {
			isa = PBXNativeTarget;
			buildConfigurationList = B32B6ED4234002E000C41B6D /* Build configuration list for PBXNativeTarget "xcodegen-sample-watch-app WatchKit App" */;
			buildPhases = (
				B32B6EAC234002DA00C41B6D /* Resources */,
				B32B6ED3234002E000C41B6D /* Embed App Extensions */,
			);
			buildRules = (
			);
			dependencies = (
				B32B6EC0234002DE00C41B6D /* PBXTargetDependency */,
			);
			name = "xcodegen-sample-watch-app WatchKit App";
			productName = "xcodegen-sample-watch-app WatchKit App";
			productReference = B32B6EAE234002DA00C41B6D /* xcodegen-sample-watch-app WatchKit App.app */;
			productType = "com.apple.product-type.application.watchapp2";
		};
		B32B6EBC234002DE00C41B6D /* xcodegen-sample-watch-app WatchKit Extension */ = {
			isa = PBXNativeTarget;
			buildConfigurationList = B32B6ED0234002E000C41B6D /* Build configuration list for PBXNativeTarget "xcodegen-sample-watch-app WatchKit Extension" */;
			buildPhases = (
				B32B6EB9234002DE00C41B6D /* Sources */,
				B32B6EBA234002DE00C41B6D /* Frameworks */,
				B32B6EBB234002DE00C41B6D /* Resources */,
			);
			buildRules = (
			);
			dependencies = (
			);
			name = "xcodegen-sample-watch-app WatchKit Extension";
			productName = "xcodegen-sample-watch-app WatchKit Extension";
			productReference = B32B6EBD234002DE00C41B6D /* xcodegen-sample-watch-app WatchKit Extension.appex */;
			productType = "com.apple.product-type.watchkit2-extension";
		};
/* End PBXNativeTarget section */

/* Begin PBXProject section */
		B32B6EA4234002D900C41B6D /* Project object */ = {
			isa = PBXProject;
			attributes = {
				LastSwiftUpdateCheck = 1110;
				LastUpgradeCheck = 1110;
				ORGANIZATIONNAME = BrightDigit;
				TargetAttributes = {
					B32B6EA9234002DA00C41B6D = {
						CreatedOnToolsVersion = 11.1;
					};
					B32B6EAD234002DA00C41B6D = {
						CreatedOnToolsVersion = 11.1;
					};
					B32B6EBC234002DE00C41B6D = {
						CreatedOnToolsVersion = 11.1;
					};
				};
			};
			buildConfigurationList = B32B6EA7234002D900C41B6D /* Build configuration list for PBXProject "xcodegen-sample-watch-app" */;
			compatibilityVersion = "Xcode 9.3";
			developmentRegion = en;
			hasScannedForEncodings = 0;
			knownRegions = (
				en,
				Base,
			);
			mainGroup = B32B6EA3234002D900C41B6D;
			productRefGroup = B32B6EAB234002DA00C41B6D /* Products */;
			projectDirPath = "";
			projectRoot = "";
			targets = (
				B32B6EA9234002DA00C41B6D /* xcodegen-sample-watch-app */,
				B32B6EAD234002DA00C41B6D /* xcodegen-sample-watch-app WatchKit App */,
				B32B6EBC234002DE00C41B6D /* xcodegen-sample-watch-app WatchKit Extension */,
			);
		};
/* End PBXProject section */

/* Begin PBXResourcesBuildPhase section */
		B32B6EA8234002DA00C41B6D /* Resources */ = {
			isa = PBXResourcesBuildPhase;
			buildActionMask = 2147483647;
			files = (
			);
			runOnlyForDeploymentPostprocessing = 0;
		};
		B32B6EAC234002DA00C41B6D /* Resources */ = {
			isa = PBXResourcesBuildPhase;
			buildActionMask = 2147483647;
			files = (
				B32B6EB7234002DE00C41B6D /* Assets.xcassets in Resources */,
				B32B6EB5234002DA00C41B6D /* Interface.storyboard in Resources */,
			);
			runOnlyForDeploymentPostprocessing = 0;
		};
		B32B6EBB234002DE00C41B6D /* Resources */ = {
			isa = PBXResourcesBuildPhase;
			buildActionMask = 2147483647;
			files = (
				B32B6ECC234002E000C41B6D /* Preview Assets.xcassets in Resources */,
				B32B6EC9234002E000C41B6D /* Assets.xcassets in Resources */,
			);
			runOnlyForDeploymentPostprocessing = 0;
		};
/* End PBXResourcesBuildPhase section */

/* Begin PBXSourcesBuildPhase section */
		B32B6EB9234002DE00C41B6D /* Sources */ = {
			isa = PBXSourcesBuildPhase;
			buildActionMask = 2147483647;
			files = (
				B32B6EC5234002DE00C41B6D /* HostingController.swift in Sources */,
				B32B6EC3234002DE00C41B6D /* ContentView.swift in Sources */,
				B32B6EC7234002DE00C41B6D /* ExtensionDelegate.swift in Sources */,
			);
			runOnlyForDeploymentPostprocessing = 0;
		};
/* End PBXSourcesBuildPhase section */

/* Begin PBXTargetDependency section */
		B32B6EB1234002DA00C41B6D /* PBXTargetDependency */ = {
			isa = PBXTargetDependency;
			target = B32B6EAD234002DA00C41B6D /* xcodegen-sample-watch-app WatchKit App */;
			targetProxy = B32B6EB0234002DA00C41B6D /* PBXContainerItemProxy */;
		};
		B32B6EC0234002DE00C41B6D /* PBXTargetDependency */ = {
			isa = PBXTargetDependency;
			target = B32B6EBC234002DE00C41B6D /* xcodegen-sample-watch-app WatchKit Extension */;
			targetProxy = B32B6EBF234002DE00C41B6D /* PBXContainerItemProxy */;
		};
/* End PBXTargetDependency section */

/* Begin PBXVariantGroup section */
		B32B6EB3234002DA00C41B6D /* Interface.storyboard */ = {
			isa = PBXVariantGroup;
			children = (
				B32B6EB4234002DA00C41B6D /* Base */,
			);
			name = Interface.storyboard;
			sourceTree = "<group>";
		};
/* End PBXVariantGroup section */

/* Begin XCBuildConfiguration section */
		B32B6ECE234002E000C41B6D /* Debug */ = {
			isa = XCBuildConfiguration;
			buildSettings = {
				ALWAYS_SEARCH_USER_PATHS = NO;
				CLANG_ANALYZER_NONNULL = YES;
				CLANG_ANALYZER_NUMBER_OBJECT_CONVERSION = YES_AGGRESSIVE;
				CLANG_CXX_LANGUAGE_STANDARD = "gnu++14";
				CLANG_CXX_LIBRARY = "libc++";
				CLANG_ENABLE_MODULES = YES;
				CLANG_ENABLE_OBJC_ARC = YES;
				CLANG_ENABLE_OBJC_WEAK = YES;
				CLANG_WARN_BLOCK_CAPTURE_AUTORELEASING = YES;
				CLANG_WARN_BOOL_CONVERSION = YES;
				CLANG_WARN_COMMA = YES;
				CLANG_WARN_CONSTANT_CONVERSION = YES;
				CLANG_WARN_DEPRECATED_OBJC_IMPLEMENTATIONS = YES;
				CLANG_WARN_DIRECT_OBJC_ISA_USAGE = YES_ERROR;
				CLANG_WARN_DOCUMENTATION_COMMENTS = YES;
				CLANG_WARN_EMPTY_BODY = YES;
				CLANG_WARN_ENUM_CONVERSION = YES;
				CLANG_WARN_INFINITE_RECURSION = YES;
				CLANG_WARN_INT_CONVERSION = YES;
				CLANG_WARN_NON_LITERAL_NULL_CONVERSION = YES;
				CLANG_WARN_OBJC_IMPLICIT_RETAIN_SELF = YES;
				CLANG_WARN_OBJC_LITERAL_CONVERSION = YES;
				CLANG_WARN_OBJC_ROOT_CLASS = YES_ERROR;
				CLANG_WARN_RANGE_LOOP_ANALYSIS = YES;
				CLANG_WARN_STRICT_PROTOTYPES = YES;
				CLANG_WARN_SUSPICIOUS_MOVE = YES;
				CLANG_WARN_UNGUARDED_AVAILABILITY = YES_AGGRESSIVE;
				CLANG_WARN_UNREACHABLE_CODE = YES;
				CLANG_WARN__DUPLICATE_METHOD_MATCH = YES;
				COPY_PHASE_STRIP = NO;
				DEBUG_INFORMATION_FORMAT = dwarf;
				ENABLE_STRICT_OBJC_MSGSEND = YES;
				ENABLE_TESTABILITY = YES;
				GCC_C_LANGUAGE_STANDARD = gnu11;
				GCC_DYNAMIC_NO_PIC = NO;
				GCC_NO_COMMON_BLOCKS = YES;
				GCC_OPTIMIZATION_LEVEL = 0;
				GCC_PREPROCESSOR_DEFINITIONS = (
					"DEBUG=1",
					"$(inherited)",
				);
				GCC_WARN_64_TO_32_BIT_CONVERSION = YES;
				GCC_WARN_ABOUT_RETURN_TYPE = YES_ERROR;
				GCC_WARN_UNDECLARED_SELECTOR = YES;
				GCC_WARN_UNINITIALIZED_AUTOS = YES_AGGRESSIVE;
				GCC_WARN_UNUSED_FUNCTION = YES;
				GCC_WARN_UNUSED_VARIABLE = YES;
				MTL_ENABLE_DEBUG_INFO = INCLUDE_SOURCE;
				MTL_FAST_MATH = YES;
				ONLY_ACTIVE_ARCH = YES;
				SDKROOT = iphoneos;
				SWIFT_ACTIVE_COMPILATION_CONDITIONS = DEBUG;
				SWIFT_OPTIMIZATION_LEVEL = "-Onone";
			};
			name = Debug;
		};
		B32B6ECF234002E000C41B6D /* Release */ = {
			isa = XCBuildConfiguration;
			buildSettings = {
				ALWAYS_SEARCH_USER_PATHS = NO;
				CLANG_ANALYZER_NONNULL = YES;
				CLANG_ANALYZER_NUMBER_OBJECT_CONVERSION = YES_AGGRESSIVE;
				CLANG_CXX_LANGUAGE_STANDARD = "gnu++14";
				CLANG_CXX_LIBRARY = "libc++";
				CLANG_ENABLE_MODULES = YES;
				CLANG_ENABLE_OBJC_ARC = YES;
				CLANG_ENABLE_OBJC_WEAK = YES;
				CLANG_WARN_BLOCK_CAPTURE_AUTORELEASING = YES;
				CLANG_WARN_BOOL_CONVERSION = YES;
				CLANG_WARN_COMMA = YES;
				CLANG_WARN_CONSTANT_CONVERSION = YES;
				CLANG_WARN_DEPRECATED_OBJC_IMPLEMENTATIONS = YES;
				CLANG_WARN_DIRECT_OBJC_ISA_USAGE = YES_ERROR;
				CLANG_WARN_DOCUMENTATION_COMMENTS = YES;
				CLANG_WARN_EMPTY_BODY = YES;
				CLANG_WARN_ENUM_CONVERSION = YES;
				CLANG_WARN_INFINITE_RECURSION = YES;
				CLANG_WARN_INT_CONVERSION = YES;
				CLANG_WARN_NON_LITERAL_NULL_CONVERSION = YES;
				CLANG_WARN_OBJC_IMPLICIT_RETAIN_SELF = YES;
				CLANG_WARN_OBJC_LITERAL_CONVERSION = YES;
				CLANG_WARN_OBJC_ROOT_CLASS = YES_ERROR;
				CLANG_WARN_RANGE_LOOP_ANALYSIS = YES;
				CLANG_WARN_STRICT_PROTOTYPES = YES;
				CLANG_WARN_SUSPICIOUS_MOVE = YES;
				CLANG_WARN_UNGUARDED_AVAILABILITY = YES_AGGRESSIVE;
				CLANG_WARN_UNREACHABLE_CODE = YES;
				CLANG_WARN__DUPLICATE_METHOD_MATCH = YES;
				COPY_PHASE_STRIP = NO;
				DEBUG_INFORMATION_FORMAT = "dwarf-with-dsym";
				ENABLE_NS_ASSERTIONS = NO;
				ENABLE_STRICT_OBJC_MSGSEND = YES;
				GCC_C_LANGUAGE_STANDARD = gnu11;
				GCC_NO_COMMON_BLOCKS = YES;
				GCC_WARN_64_TO_32_BIT_CONVERSION = YES;
				GCC_WARN_ABOUT_RETURN_TYPE = YES_ERROR;
				GCC_WARN_UNDECLARED_SELECTOR = YES;
				GCC_WARN_UNINITIALIZED_AUTOS = YES_AGGRESSIVE;
				GCC_WARN_UNUSED_FUNCTION = YES;
				GCC_WARN_UNUSED_VARIABLE = YES;
				MTL_ENABLE_DEBUG_INFO = NO;
				MTL_FAST_MATH = YES;
				SDKROOT = iphoneos;
				SWIFT_COMPILATION_MODE = wholemodule;
				SWIFT_OPTIMIZATION_LEVEL = "-O";
				VALIDATE_PRODUCT = YES;
			};
			name = Release;
		};
		B32B6ED1234002E000C41B6D /* Debug */ = {
			isa = XCBuildConfiguration;
			buildSettings = {
				ASSETCATALOG_COMPILER_COMPLICATION_NAME = Complication;
				CODE_SIGN_STYLE = Automatic;
				DEVELOPMENT_ASSET_PATHS = "\"xcodegen-sample-watch-app WatchKit Extension/Preview Content\"";
				DEVELOPMENT_TEAM = MLT7M394S7;
				ENABLE_PREVIEWS = YES;
				INFOPLIST_FILE = "xcodegen-sample-watch-app WatchKit Extension/Info.plist";
				LD_RUNPATH_SEARCH_PATHS = (
					"$(inherited)",
					"@executable_path/Frameworks",
					"@executable_path/../../Frameworks",
				);
				PRODUCT_BUNDLE_IDENTIFIER = "com.brightdigit.xcodegen-sample-watch-app.watchkitapp.watchkitextension";
				PRODUCT_NAME = "${TARGET_NAME}";
				SDKROOT = watchos;
				SKIP_INSTALL = YES;
				SWIFT_VERSION = 5.0;
				TARGETED_DEVICE_FAMILY = 4;
				WATCHOS_DEPLOYMENT_TARGET = 6.0;
			};
			name = Debug;
		};
		B32B6ED2234002E000C41B6D /* Release */ = {
			isa = XCBuildConfiguration;
			buildSettings = {
				ASSETCATALOG_COMPILER_COMPLICATION_NAME = Complication;
				CODE_SIGN_STYLE = Automatic;
				DEVELOPMENT_ASSET_PATHS = "\"xcodegen-sample-watch-app WatchKit Extension/Preview Content\"";
				DEVELOPMENT_TEAM = MLT7M394S7;
				ENABLE_PREVIEWS = YES;
				INFOPLIST_FILE = "xcodegen-sample-watch-app WatchKit Extension/Info.plist";
				LD_RUNPATH_SEARCH_PATHS = (
					"$(inherited)",
					"@executable_path/Frameworks",
					"@executable_path/../../Frameworks",
				);
				PRODUCT_BUNDLE_IDENTIFIER = "com.brightdigit.xcodegen-sample-watch-app.watchkitapp.watchkitextension";
				PRODUCT_NAME = "${TARGET_NAME}";
				SDKROOT = watchos;
				SKIP_INSTALL = YES;
				SWIFT_VERSION = 5.0;
				TARGETED_DEVICE_FAMILY = 4;
				WATCHOS_DEPLOYMENT_TARGET = 6.0;
			};
			name = Release;
		};
		B32B6ED5234002E000C41B6D /* Debug */ = {
			isa = XCBuildConfiguration;
			buildSettings = {
				ALWAYS_EMBED_SWIFT_STANDARD_LIBRARIES = YES;
				ASSETCATALOG_COMPILER_APPICON_NAME = AppIcon;
				CODE_SIGN_STYLE = Automatic;
				DEVELOPMENT_TEAM = MLT7M394S7;
				IBSC_MODULE = xcodegen_sample_watch_app_WatchKit_Extension;
				INFOPLIST_FILE = "xcodegen-sample-watch-app WatchKit App/Info.plist";
				PRODUCT_BUNDLE_IDENTIFIER = "com.brightdigit.xcodegen-sample-watch-app.watchkitapp";
				PRODUCT_NAME = "$(TARGET_NAME)";
				SDKROOT = watchos;
				SKIP_INSTALL = YES;
				SWIFT_VERSION = 5.0;
				TARGETED_DEVICE_FAMILY = 4;
				WATCHOS_DEPLOYMENT_TARGET = 6.0;
			};
			name = Debug;
		};
		B32B6ED6234002E000C41B6D /* Release */ = {
			isa = XCBuildConfiguration;
			buildSettings = {
				ALWAYS_EMBED_SWIFT_STANDARD_LIBRARIES = YES;
				ASSETCATALOG_COMPILER_APPICON_NAME = AppIcon;
				CODE_SIGN_STYLE = Automatic;
				DEVELOPMENT_TEAM = MLT7M394S7;
				IBSC_MODULE = xcodegen_sample_watch_app_WatchKit_Extension;
				INFOPLIST_FILE = "xcodegen-sample-watch-app WatchKit App/Info.plist";
				PRODUCT_BUNDLE_IDENTIFIER = "com.brightdigit.xcodegen-sample-watch-app.watchkitapp";
				PRODUCT_NAME = "$(TARGET_NAME)";
				SDKROOT = watchos;
				SKIP_INSTALL = YES;
				SWIFT_VERSION = 5.0;
				TARGETED_DEVICE_FAMILY = 4;
				WATCHOS_DEPLOYMENT_TARGET = 6.0;
			};
			name = Release;
		};
		B32B6ED9234002E000C41B6D /* Debug */ = {
			isa = XCBuildConfiguration;
			buildSettings = {
				CODE_SIGN_STYLE = Automatic;
				CURRENT_PROJECT_VERSION = 1;
				DEVELOPMENT_TEAM = MLT7M394S7;
				MARKETING_VERSION = 1.0;
				PRODUCT_BUNDLE_IDENTIFIER = "com.brightdigit.xcodegen-sample-watch-app";
				PRODUCT_NAME = "$(TARGET_NAME)";
				SWIFT_VERSION = 5.0;
			};
			name = Debug;
		};
		B32B6EDA234002E000C41B6D /* Release */ = {
			isa = XCBuildConfiguration;
			buildSettings = {
				CODE_SIGN_STYLE = Automatic;
				CURRENT_PROJECT_VERSION = 1;
				DEVELOPMENT_TEAM = MLT7M394S7;
				MARKETING_VERSION = 1.0;
				PRODUCT_BUNDLE_IDENTIFIER = "com.brightdigit.xcodegen-sample-watch-app";
				PRODUCT_NAME = "$(TARGET_NAME)";
				SWIFT_VERSION = 5.0;
			};
			name = Release;
		};
/* End XCBuildConfiguration section */

/* Begin XCConfigurationList section */
		B32B6EA7234002D900C41B6D /* Build configuration list for PBXProject "xcodegen-sample-watch-app" */ = {
			isa = XCConfigurationList;
			buildConfigurations = (
				B32B6ECE234002E000C41B6D /* Debug */,
				B32B6ECF234002E000C41B6D /* Release */,
			);
			defaultConfigurationIsVisible = 0;
			defaultConfigurationName = Release;
		};
		B32B6ED0234002E000C41B6D /* Build configuration list for PBXNativeTarget "xcodegen-sample-watch-app WatchKit Extension" */ = {
			isa = XCConfigurationList;
			buildConfigurations = (
				B32B6ED1234002E000C41B6D /* Debug */,
				B32B6ED2234002E000C41B6D /* Release */,
			);
			defaultConfigurationIsVisible = 0;
			defaultConfigurationName = Release;
		};
		B32B6ED4234002E000C41B6D /* Build configuration list for PBXNativeTarget "xcodegen-sample-watch-app WatchKit App" */ = {
			isa = XCConfigurationList;
			buildConfigurations = (
				B32B6ED5234002E000C41B6D /* Debug */,
				B32B6ED6234002E000C41B6D /* Release */,
			);
			defaultConfigurationIsVisible = 0;
			defaultConfigurationName = Release;
		};
		B32B6ED8234002E000C41B6D /* Build configuration list for PBXNativeTarget "xcodegen-sample-watch-app" */ = {
			isa = XCConfigurationList;
			buildConfigurations = (
				B32B6ED9234002E000C41B6D /* Debug */,
				B32B6EDA234002E000C41B6D /* Release */,
			);
			defaultConfigurationIsVisible = 0;
			defaultConfigurationName = Release;
		};
/* End XCConfigurationList section */
	};
	rootObject = B32B6EA4234002D900C41B6D /* Project object */;
}
